
Microsoft Visual Studio Solution File, Format Version 12.00
# Visual Studio 2012
Project("{FAE04EC0-301F-11D3-BF4B-00C04F79EFBC}") = "BlueCloud.Extensions", "BlueCloud.Extensions\BlueCloud.Extensions.csproj", "{68063452-6E63-4D98-B5A3-B1CE0D281D79}"
EndProject
Project("{FAE04EC0-301F-11D3-BF4B-00C04F79EFBC}") = "BlueCloud.Extensions.Tests", "BlueCloud.Extensions.Tests\BlueCloud.Extensions.Tests.csproj", "{42D555F8-451A-4EC8-B040-9547B45A9546}"
EndProject
Global
	GlobalSection(SolutionConfigurationPlatforms) = preSolution
		Debug|Any CPU = Debug|Any CPU
		Release|Any CPU = Release|Any CPU
	EndGlobalSection
	GlobalSection(ProjectConfigurationPlatforms) = postSolution
		{68063452-6E63-4D98-B5A3-B1CE0D281D79}.Debug|Any CPU.ActiveCfg = Debug|Any CPU
		{68063452-6E63-4D98-B5A3-B1CE0D281D79}.Debug|Any CPU.Build.0 = Debug|Any CPU
		{68063452-6E63-4D98-B5A3-B1CE0D281D79}.Release|Any CPU.ActiveCfg = Release|Any CPU
		{68063452-6E63-4D98-B5A3-B1CE0D281D79}.Release|Any CPU.Build.0 = Release|Any CPU
		{42D555F8-451A-4EC8-B040-9547B45A9546}.Debug|Any CPU.ActiveCfg = Debug|Any CPU
		{42D555F8-451A-4EC8-B040-9547B45A9546}.Debug|Any CPU.Build.0 = Debug|Any CPU
		{42D555F8-451A-4EC8-B040-9547B45A9546}.Release|Any CPU.ActiveCfg = Release|Any CPU
		{42D555F8-451A-4EC8-B040-9547B45A9546}.Release|Any CPU.Build.0 = Release|Any CPU
	EndGlobalSection
	GlobalSection(MonoDevelopProperties) = preSolution
		version = 1.0.1
	EndGlobalSection
EndGlobal
